
Microsoft Visual Studio Solution File, Format Version 12.00
# Visual Studio 15
VisualStudioVersion = 15.0.28307.1259
MinimumVisualStudioVersion = 10.0.40219.1
Project("{FAE04EC0-301F-11D3-BF4B-00C04F79EFBC}") = "DinerMax3000-Menus", "DinerMax3000-Menus\DinerMax3000-Menus.csproj", "{8BD594FA-560F-4E34-841E-78CAB2B148BC}"
EndProject
Project("{FAE04EC0-301F-11D3-BF4B-00C04F79EFBC}") = "DinerMax3000BusinessLayer", "DinerMax3000BusinessLayer\DinerMax3000BusinessLayer.csproj", "{CCE72773-A388-4A07-A32E-919FC19F7C57}"
EndProject
Project("{FAE04EC0-301F-11D3-BF4B-00C04F79EFBC}") = "DinerMax3000WPFClient", "DinerMax3000WPFClient\DinerMax3000WPFClient.csproj", "{EE2958DC-FC85-4480-86AB-044985F78CAB}"
EndProject
Project("{E24C65DC-7377-472B-9ABA-BC803B73C61A}") = "DinerMax3000Web", "..\1.DinerMax3000Web\DinerMax3000Web\", "{BEAC004B-68C6-4AA7-A3FA-FC999604BE20}"
	ProjectSection(WebsiteProperties) = preProject
		TargetFrameworkMoniker = ".NETFramework,Version%3Dv4.6.1"
		Debug.AspNetCompiler.VirtualPath = "/localhost_1548"
		Debug.AspNetCompiler.PhysicalPath = "..\1.DinerMax3000Web\DinerMax3000Web\"
		Debug.AspNetCompiler.TargetPath = "PrecompiledWeb\localhost_1548\"
		Debug.AspNetCompiler.Updateable = "true"
		Debug.AspNetCompiler.ForceOverwrite = "true"
		Debug.AspNetCompiler.FixedNames = "false"
		Debug.AspNetCompiler.Debug = "True"
		Release.AspNetCompiler.VirtualPath = "/localhost_1548"
		Release.AspNetCompiler.PhysicalPath = "..\1.DinerMax3000Web\DinerMax3000Web\"
		Release.AspNetCompiler.TargetPath = "PrecompiledWeb\localhost_1548\"
		Release.AspNetCompiler.Updateable = "true"
		Release.AspNetCompiler.ForceOverwrite = "true"
		Release.AspNetCompiler.FixedNames = "false"
		Release.AspNetCompiler.Debug = "False"
		VWDPort = "1548"
		SlnRelativePath = "..\1.DinerMax3000Web\DinerMax3000Web\"
		DefaultWebSiteLanguage = "Visual C#"
	EndProjectSection
EndProject
Global
	GlobalSection(SolutionConfigurationPlatforms) = preSolution
		Debug|Any CPU = Debug|Any CPU
		Release|Any CPU = Release|Any CPU
	EndGlobalSection
	GlobalSection(ProjectConfigurationPlatforms) = postSolution
		{8BD594FA-560F-4E34-841E-78CAB2B148BC}.Debug|Any CPU.ActiveCfg = Debug|Any CPU
		{8BD594FA-560F-4E34-841E-78CAB2B148BC}.Debug|Any CPU.Build.0 = Debug|Any CPU
		{8BD594FA-560F-4E34-841E-78CAB2B148BC}.Release|Any CPU.ActiveCfg = Release|Any CPU
		{8BD594FA-560F-4E34-841E-78CAB2B148BC}.Release|Any CPU.Build.0 = Release|Any CPU
		{CCE72773-A388-4A07-A32E-919FC19F7C57}.Debug|Any CPU.ActiveCfg = Debug|Any CPU
		{CCE72773-A388-4A07-A32E-919FC19F7C57}.Debug|Any CPU.Build.0 = Debug|Any CPU
		{CCE72773-A388-4A07-A32E-919FC19F7C57}.Release|Any CPU.ActiveCfg = Release|Any CPU
		{CCE72773-A388-4A07-A32E-919FC19F7C57}.Release|Any CPU.Build.0 = Release|Any CPU
		{EE2958DC-FC85-4480-86AB-044985F78CAB}.Debug|Any CPU.ActiveCfg = Debug|Any CPU
		{EE2958DC-FC85-4480-86AB-044985F78CAB}.Debug|Any CPU.Build.0 = Debug|Any CPU
		{EE2958DC-FC85-4480-86AB-044985F78CAB}.Release|Any CPU.ActiveCfg = Release|Any CPU
		{EE2958DC-FC85-4480-86AB-044985F78CAB}.Release|Any CPU.Build.0 = Release|Any CPU
		{BEAC004B-68C6-4AA7-A3FA-FC999604BE20}.Debug|Any CPU.ActiveCfg = Debug|Any CPU
		{BEAC004B-68C6-4AA7-A3FA-FC999604BE20}.Debug|Any CPU.Build.0 = Debug|Any CPU
		{BEAC004B-68C6-4AA7-A3FA-FC999604BE20}.Release|Any CPU.ActiveCfg = Debug|Any CPU
		{BEAC004B-68C6-4AA7-A3FA-FC999604BE20}.Release|Any CPU.Build.0 = Debug|Any CPU
	EndGlobalSection
	GlobalSection(SolutionProperties) = preSolution
		HideSolutionNode = FALSE
	EndGlobalSection
	GlobalSection(ExtensibilityGlobals) = postSolution
		SolutionGuid = {BDD95D0A-5B0B-4085-B14B-778AD000129B}
	EndGlobalSection
EndGlobal
